
Microsoft Visual Studio Solution File, Format Version 12.00
# Visual Studio 15
VisualStudioVersion = 15.0.27703.2018
MinimumVisualStudioVersion = 10.0.40219.1
Project("{FAE04EC0-301F-11D3-BF4B-00C04F79EFBC}") = "Client", "Client\Client.csproj", "{48006700-D603-4030-AD6D-E13C375E3B41}"
EndProject
Project("{FAE04EC0-301F-11D3-BF4B-00C04F79EFBC}") = "Server", "Server\Server.csproj", "{F14DB5F4-1B98-4CF9-962E-90281A955CAC}"
EndProject
Project("{FAE04EC0-301F-11D3-BF4B-00C04F79EFBC}") = "Common", "Common\Common.csproj", "{6AAB6C10-02CE-419C-9D01-906E0122F254}"
EndProject
Project("{FAE04EC0-301F-11D3-BF4B-00C04F79EFBC}") = "SecondaryServer", "SecondaryServer\SecondaryServer.csproj", "{C9BCFAB1-1563-4C0E-A4AD-C2B4EE574B00}"
EndProject
Global
	GlobalSection(SolutionConfigurationPlatforms) = preSolution
		Debug|Any CPU = Debug|Any CPU
		Release|Any CPU = Release|Any CPU
	EndGlobalSection
	GlobalSection(ProjectConfigurationPlatforms) = postSolution
		{48006700-D603-4030-AD6D-E13C375E3B41}.Debug|Any CPU.ActiveCfg = Debug|Any CPU
		{48006700-D603-4030-AD6D-E13C375E3B41}.Debug|Any CPU.Build.0 = Debug|Any CPU
		{48006700-D603-4030-AD6D-E13C375E3B41}.Release|Any CPU.ActiveCfg = Release|Any CPU
		{48006700-D603-4030-AD6D-E13C375E3B41}.Release|Any CPU.Build.0 = Release|Any CPU
		{F14DB5F4-1B98-4CF9-962E-90281A955CAC}.Debug|Any CPU.ActiveCfg = Debug|Any CPU
		{F14DB5F4-1B98-4CF9-962E-90281A955CAC}.Debug|Any CPU.Build.0 = Debug|Any CPU
		{F14DB5F4-1B98-4CF9-962E-90281A955CAC}.Release|Any CPU.ActiveCfg = Release|Any CPU
		{F14DB5F4-1B98-4CF9-962E-90281A955CAC}.Release|Any CPU.Build.0 = Release|Any CPU
		{6AAB6C10-02CE-419C-9D01-906E0122F254}.Debug|Any CPU.ActiveCfg = Debug|Any CPU
		{6AAB6C10-02CE-419C-9D01-906E0122F254}.Debug|Any CPU.Build.0 = Debug|Any CPU
		{6AAB6C10-02CE-419C-9D01-906E0122F254}.Release|Any CPU.ActiveCfg = Release|Any CPU
		{6AAB6C10-02CE-419C-9D01-906E0122F254}.Release|Any CPU.Build.0 = Release|Any CPU
		{C9BCFAB1-1563-4C0E-A4AD-C2B4EE574B00}.Debug|Any CPU.ActiveCfg = Debug|Any CPU
		{C9BCFAB1-1563-4C0E-A4AD-C2B4EE574B00}.Debug|Any CPU.Build.0 = Debug|Any CPU
		{C9BCFAB1-1563-4C0E-A4AD-C2B4EE574B00}.Release|Any CPU.ActiveCfg = Release|Any CPU
		{C9BCFAB1-1563-4C0E-A4AD-C2B4EE574B00}.Release|Any CPU.Build.0 = Release|Any CPU
	EndGlobalSection
	GlobalSection(SolutionProperties) = preSolution
		HideSolutionNode = FALSE
	EndGlobalSection
	GlobalSection(ExtensibilityGlobals) = postSolution
		SolutionGuid = {049FDC4D-3C85-47F9-B9C9-695506B565BA}
	EndGlobalSection
EndGlobal
